
Microsoft Visual Studio Solution File, Format Version 12.00
# Visual Studio Version 17
VisualStudioVersion = 17.4.33213.308
MinimumVisualStudioVersion = 10.0.40219.1
Project("{FAE04EC0-301F-11D3-BF4B-00C04F79EFBC}") = "TicTacToeWPF1", "TicTacToeWPF1\TicTacToeWPF1.csproj", "{0CDB04E1-2273-4BEF-9C95-DF57B211A672}"
EndProject
Global
	GlobalSection(SolutionConfigurationPlatforms) = preSolution
		Debug|Any CPU = Debug|Any CPU
		Release|Any CPU = Release|Any CPU
	EndGlobalSection
	GlobalSection(ProjectConfigurationPlatforms) = postSolution
		{0CDB04E1-2273-4BEF-9C95-DF57B211A672}.Debug|Any CPU.ActiveCfg = Debug|Any CPU
		{0CDB04E1-2273-4BEF-9C95-DF57B211A672}.Debug|Any CPU.Build.0 = Debug|Any CPU
		{0CDB04E1-2273-4BEF-9C95-DF57B211A672}.Release|Any CPU.ActiveCfg = Release|Any CPU
		{0CDB04E1-2273-4BEF-9C95-DF57B211A672}.Release|Any CPU.Build.0 = Release|Any CPU
	EndGlobalSection
	GlobalSection(SolutionProperties) = preSolution
		HideSolutionNode = FALSE
	EndGlobalSection
	GlobalSection(ExtensibilityGlobals) = postSolution
		SolutionGuid = {DC64C973-CD4F-4D98-B4DB-962B59BD11F7}
	EndGlobalSection
EndGlobal
